
Microsoft Visual Studio Solution File, Format Version 12.00
# Visual Studio Version 17
VisualStudioVersion = 17.0.32014.148
MinimumVisualStudioVersion = 10.0.40219.1
Project("{FAE04EC0-301F-11D3-BF4B-00C04F79EFBC}") = "Food Planner.Android", "Food Planner\Food Planner.Android\Food Planner.Android.csproj", "{6C80282D-EBC1-4B3B-932C-C0519D3C3FB4}"
EndProject
Project("{FAE04EC0-301F-11D3-BF4B-00C04F79EFBC}") = "Food Planner.iOS", "Food Planner\Food Planner.iOS\Food Planner.iOS.csproj", "{52AD6C27-9020-456B-A7D2-1E511B3449E1}"
EndProject
Project("{FAE04EC0-301F-11D3-BF4B-00C04F79EFBC}") = "Food Planner", "Food Planner\Food Planner\Food Planner.csproj", "{BFB3023C-DD98-4EAE-88B7-7F8BECCDDAB9}"
EndProject
Global
	GlobalSection(SolutionConfigurationPlatforms) = preSolution
		Debug|Any CPU = Debug|Any CPU
		Debug|iPhone = Debug|iPhone
		Debug|iPhoneSimulator = Debug|iPhoneSimulator
		Release|Any CPU = Release|Any CPU
		Release|iPhone = Release|iPhone
		Release|iPhoneSimulator = Release|iPhoneSimulator
	EndGlobalSection
	GlobalSection(ProjectConfigurationPlatforms) = postSolution
		{6C80282D-EBC1-4B3B-932C-C0519D3C3FB4}.Debug|Any CPU.ActiveCfg = Debug|Any CPU
		{6C80282D-EBC1-4B3B-932C-C0519D3C3FB4}.Debug|Any CPU.Build.0 = Debug|Any CPU
		{6C80282D-EBC1-4B3B-932C-C0519D3C3FB4}.Debug|Any CPU.Deploy.0 = Debug|Any CPU
		{6C80282D-EBC1-4B3B-932C-C0519D3C3FB4}.Debug|iPhone.ActiveCfg = Debug|Any CPU
		{6C80282D-EBC1-4B3B-932C-C0519D3C3FB4}.Debug|iPhone.Build.0 = Debug|Any CPU
		{6C80282D-EBC1-4B3B-932C-C0519D3C3FB4}.Debug|iPhone.Deploy.0 = Debug|Any CPU
		{6C80282D-EBC1-4B3B-932C-C0519D3C3FB4}.Debug|iPhoneSimulator.ActiveCfg = Debug|Any CPU
		{6C80282D-EBC1-4B3B-932C-C0519D3C3FB4}.Debug|iPhoneSimulator.Build.0 = Debug|Any CPU
		{6C80282D-EBC1-4B3B-932C-C0519D3C3FB4}.Debug|iPhoneSimulator.Deploy.0 = Debug|Any CPU
		{6C80282D-EBC1-4B3B-932C-C0519D3C3FB4}.Release|Any CPU.ActiveCfg = Release|Any CPU
		{6C80282D-EBC1-4B3B-932C-C0519D3C3FB4}.Release|Any CPU.Build.0 = Release|Any CPU
		{6C80282D-EBC1-4B3B-932C-C0519D3C3FB4}.Release|Any CPU.Deploy.0 = Release|Any CPU
		{6C80282D-EBC1-4B3B-932C-C0519D3C3FB4}.Release|iPhone.ActiveCfg = Release|Any CPU
		{6C80282D-EBC1-4B3B-932C-C0519D3C3FB4}.Release|iPhone.Build.0 = Release|Any CPU
		{6C80282D-EBC1-4B3B-932C-C0519D3C3FB4}.Release|iPhone.Deploy.0 = Release|Any CPU
		{6C80282D-EBC1-4B3B-932C-C0519D3C3FB4}.Release|iPhoneSimulator.ActiveCfg = Release|Any CPU
		{6C80282D-EBC1-4B3B-932C-C0519D3C3FB4}.Release|iPhoneSimulator.Build.0 = Release|Any CPU
		{6C80282D-EBC1-4B3B-932C-C0519D3C3FB4}.Release|iPhoneSimulator.Deploy.0 = Release|Any CPU
		{52AD6C27-9020-456B-A7D2-1E511B3449E1}.Debug|Any CPU.ActiveCfg = Debug|iPhone
		{52AD6C27-9020-456B-A7D2-1E511B3449E1}.Debug|Any CPU.Build.0 = Debug|iPhone
		{52AD6C27-9020-456B-A7D2-1E511B3449E1}.Debug|Any CPU.Deploy.0 = Debug|iPhone
		{52AD6C27-9020-456B-A7D2-1E511B3449E1}.Debug|iPhone.ActiveCfg = Debug|iPhone
		{52AD6C27-9020-456B-A7D2-1E511B3449E1}.Debug|iPhone.Build.0 = Debug|iPhone
		{52AD6C27-9020-456B-A7D2-1E511B3449E1}.Debug|iPhone.Deploy.0 = Debug|iPhone
		{52AD6C27-9020-456B-A7D2-1E511B3449E1}.Debug|iPhoneSimulator.ActiveCfg = Debug|iPhoneSimulator
		{52AD6C27-9020-456B-A7D2-1E511B3449E1}.Debug|iPhoneSimulator.Build.0 = Debug|iPhoneSimulator
		{52AD6C27-9020-456B-A7D2-1E511B3449E1}.Debug|iPhoneSimulator.Deploy.0 = Debug|iPhoneSimulator
		{52AD6C27-9020-456B-A7D2-1E511B3449E1}.Release|Any CPU.ActiveCfg = Release|iPhoneSimulator
		{52AD6C27-9020-456B-A7D2-1E511B3449E1}.Release|Any CPU.Build.0 = Release|iPhoneSimulator
		{52AD6C27-9020-456B-A7D2-1E511B3449E1}.Release|Any CPU.Deploy.0 = Release|iPhoneSimulator
		{52AD6C27-9020-456B-A7D2-1E511B3449E1}.Release|iPhone.ActiveCfg = Release|iPhone
		{52AD6C27-9020-456B-A7D2-1E511B3449E1}.Release|iPhone.Build.0 = Release|iPhone
		{52AD6C27-9020-456B-A7D2-1E511B3449E1}.Release|iPhone.Deploy.0 = Release|iPhone
		{52AD6C27-9020-456B-A7D2-1E511B3449E1}.Release|iPhoneSimulator.ActiveCfg = Release|iPhoneSimulator
		{52AD6C27-9020-456B-A7D2-1E511B3449E1}.Release|iPhoneSimulator.Build.0 = Release|iPhoneSimulator
		{52AD6C27-9020-456B-A7D2-1E511B3449E1}.Release|iPhoneSimulator.Deploy.0 = Release|iPhoneSimulator
		{BFB3023C-DD98-4EAE-88B7-7F8BECCDDAB9}.Debug|Any CPU.ActiveCfg = Debug|Any CPU
		{BFB3023C-DD98-4EAE-88B7-7F8BECCDDAB9}.Debug|Any CPU.Build.0 = Debug|Any CPU
		{BFB3023C-DD98-4EAE-88B7-7F8BECCDDAB9}.Debug|Any CPU.Deploy.0 = Debug|Any CPU
		{BFB3023C-DD98-4EAE-88B7-7F8BECCDDAB9}.Debug|iPhone.ActiveCfg = Debug|Any CPU
		{BFB3023C-DD98-4EAE-88B7-7F8BECCDDAB9}.Debug|iPhone.Build.0 = Debug|Any CPU
		{BFB3023C-DD98-4EAE-88B7-7F8BECCDDAB9}.Debug|iPhone.Deploy.0 = Debug|Any CPU
		{BFB3023C-DD98-4EAE-88B7-7F8BECCDDAB9}.Debug|iPhoneSimulator.ActiveCfg = Debug|Any CPU
		{BFB3023C-DD98-4EAE-88B7-7F8BECCDDAB9}.Debug|iPhoneSimulator.Build.0 = Debug|Any CPU
		{BFB3023C-DD98-4EAE-88B7-7F8BECCDDAB9}.Debug|iPhoneSimulator.Deploy.0 = Debug|Any CPU
		{BFB3023C-DD98-4EAE-88B7-7F8BECCDDAB9}.Release|Any CPU.ActiveCfg = Release|Any CPU
		{BFB3023C-DD98-4EAE-88B7-7F8BECCDDAB9}.Release|Any CPU.Build.0 = Release|Any CPU
		{BFB3023C-DD98-4EAE-88B7-7F8BECCDDAB9}.Release|Any CPU.Deploy.0 = Release|Any CPU
		{BFB3023C-DD98-4EAE-88B7-7F8BECCDDAB9}.Release|iPhone.ActiveCfg = Release|Any CPU
		{BFB3023C-DD98-4EAE-88B7-7F8BECCDDAB9}.Release|iPhone.Build.0 = Release|Any CPU
		{BFB3023C-DD98-4EAE-88B7-7F8BECCDDAB9}.Release|iPhone.Deploy.0 = Release|Any CPU
		{BFB3023C-DD98-4EAE-88B7-7F8BECCDDAB9}.Release|iPhoneSimulator.ActiveCfg = Release|Any CPU
		{BFB3023C-DD98-4EAE-88B7-7F8BECCDDAB9}.Release|iPhoneSimulator.Build.0 = Release|Any CPU
		{BFB3023C-DD98-4EAE-88B7-7F8BECCDDAB9}.Release|iPhoneSimulator.Deploy.0 = Release|Any CPU
	EndGlobalSection
	GlobalSection(SolutionProperties) = preSolution
		HideSolutionNode = FALSE
	EndGlobalSection
	GlobalSection(ExtensibilityGlobals) = postSolution
		SolutionGuid = {D1E6329C-9F2A-43C8-A168-633738398836}
	EndGlobalSection
EndGlobal
